Microsoft Visual Studio Solution File, Format Version 12.00
# Visual Studio Version 17
VisualStudioVersion = 17.5.2.0
MinimumVisualStudioVersion = 10.0.40219.1
Project("{FAE04EC0-301F-11D3-BF4B-00C04F79EFBC}") = "QuestionTracker.Api", "QuestionTracker.Api.csproj", "{12E7638D-A941-D64A-A490-7496E5D67AC5}"
EndProject
Global
	GlobalSection(SolutionConfigurationPlatforms) = preSolution
		Debug|Any CPU = Debug|Any CPU
		Release|Any CPU = Release|Any CPU
	EndGlobalSection
	GlobalSection(ProjectConfigurationPlatforms) = postSolution
		{12E7638D-A941-D64A-A490-7496E5D67AC5}.Debug|Any CPU.ActiveCfg = Debug|Any CPU
		{12E7638D-A941-D64A-A490-7496E5D67AC5}.Debug|Any CPU.Build.0 = Debug|Any CPU
		{12E7638D-A941-D64A-A490-7496E5D67AC5}.Release|Any CPU.ActiveCfg = Release|Any CPU
		{12E7638D-A941-D64A-A490-7496E5D67AC5}.Release|Any CPU.Build.0 = Release|Any CPU
	EndGlobalSection
	GlobalSection(SolutionProperties) = preSolution
		HideSolutionNode = FALSE
	EndGlobalSection
	GlobalSection(ExtensibilityGlobals) = postSolution
		SolutionGuid = {1EB3F860-A14E-48EB-B0EC-39BAE9055E4E}
	EndGlobalSection
EndGlobal
